
Microsoft Visual Studio Solution File, Format Version 12.00
# Visual Studio Version 16
VisualStudioVersion = 16.0.29613.14
MinimumVisualStudioVersion = 10.0.40219.1
Project("{9A19103F-16F7-4668-BE54-9A1E7A4F7556}") = "PointOfSaleTest", "PointOfSaleTest\PointOfSaleTest.csproj", "{38B13A1F-A2DC-43CA-9622-80AD00B2AD3E}"
EndProject
Project("{9A19103F-16F7-4668-BE54-9A1E7A4F7556}") = "PointOfSale", "PointOfSale\PointOfSale.csproj", "{E35247D6-6469-4E67-A5E4-7461BC56D9DE}"
EndProject
Global
	GlobalSection(SolutionConfigurationPlatforms) = preSolution
		Debug|Any CPU = Debug|Any CPU
		Release|Any CPU = Release|Any CPU
	EndGlobalSection
	GlobalSection(ProjectConfigurationPlatforms) = postSolution
		{38B13A1F-A2DC-43CA-9622-80AD00B2AD3E}.Debug|Any CPU.ActiveCfg = Debug|Any CPU
		{38B13A1F-A2DC-43CA-9622-80AD00B2AD3E}.Debug|Any CPU.Build.0 = Debug|Any CPU
		{38B13A1F-A2DC-43CA-9622-80AD00B2AD3E}.Release|Any CPU.ActiveCfg = Release|Any CPU
		{38B13A1F-A2DC-43CA-9622-80AD00B2AD3E}.Release|Any CPU.Build.0 = Release|Any CPU
		{E35247D6-6469-4E67-A5E4-7461BC56D9DE}.Debug|Any CPU.ActiveCfg = Debug|Any CPU
		{E35247D6-6469-4E67-A5E4-7461BC56D9DE}.Debug|Any CPU.Build.0 = Debug|Any CPU
		{E35247D6-6469-4E67-A5E4-7461BC56D9DE}.Release|Any CPU.ActiveCfg = Release|Any CPU
		{E35247D6-6469-4E67-A5E4-7461BC56D9DE}.Release|Any CPU.Build.0 = Release|Any CPU
	EndGlobalSection
	GlobalSection(SolutionProperties) = preSolution
		HideSolutionNode = FALSE
	EndGlobalSection
	GlobalSection(ExtensibilityGlobals) = postSolution
		SolutionGuid = {54EBC2DB-D69F-4850-ACE0-38E81B9A6CA4}
	EndGlobalSection
EndGlobal
